// !$*UTF8*$!
{
	archiveVersion = 1;
	classes = {
	};
	objectVersion = 50;
	objects = {

/* Begin PBXBuildFile section */
		14F28AB62330A05E000C18EB /* AppDelegate.swift in Sources */ = {isa = PBXBuildFile; fileRef = 14F28AB52330A05E000C18EB /* AppDelegate.swift */; };
		14F28AB82330A05E000C18EB /* ViewController.swift in Sources */ = {isa = PBXBuildFile; fileRef = 14F28AB72330A05E000C18EB /* ViewController.swift */; };
		14F28ABB2330A05E000C18EB /* Main.storyboard in Resources */ = {isa = PBXBuildFile; fileRef = 14F28AB92330A05E000C18EB /* Main.storyboard */; };
		14F28ABD2330A05F000C18EB /* Assets.xcassets in Resources */ = {isa = PBXBuildFile; fileRef = 14F28ABC2330A05F000C18EB /* Assets.xcassets */; };
		14F28AC02330A05F000C18EB /* LaunchScreen.storyboard in Resources */ = {isa = PBXBuildFile; fileRef = 14F28ABE2330A05F000C18EB /* LaunchScreen.storyboard */; };
		14F28ACB2330A05F000C18EB /* lab2Tests.swift in Sources */ = {isa = PBXBuildFile; fileRef = 14F28ACA2330A05F000C18EB /* lab2Tests.swift */; };
		14F28AD62330A05F000C18EB /* lab2UITests.swift in Sources */ = {isa = PBXBuildFile; fileRef = 14F28AD52330A05F000C18EB /* lab2UITests.swift */; };
		14F28AF82330A322000C18EB /* DisplayView.swift in Sources */ = {isa = PBXBuildFile; fileRef = 14F28AF72330A322000C18EB /* DisplayView.swift */; };
/* End PBXBuildFile section */

/* Begin PBXContainerItemProxy section */
		14F28AC72330A05F000C18EB /* PBXContainerItemProxy */ = {
			isa = PBXContainerItemProxy;
			containerPortal = 14F28AAA2330A05E000C18EB /* Project object */;
			proxyType = 1;
			remoteGlobalIDString = 14F28AB12330A05E000C18EB;
			remoteInfo = lab2;
		};
		14F28AD22330A05F000C18EB /* PBXContainerItemProxy */ = {
			isa = PBXContainerItemProxy;
			containerPortal = 14F28AAA2330A05E000C18EB /* Project object */;
			proxyType = 1;
			remoteGlobalIDString = 14F28AB12330A05E000C18EB;
			remoteInfo = lab2;
		};
/* End PBXContainerItemProxy section */

/* Begin PBXFileReference section */
		14F28AB22330A05E000C18EB /* lab2.app */ = {isa = PBXFileReference; explicitFileType = wrapper.application; includeInIndex = 0; path = lab2.app; sourceTree = BUILT_PRODUCTS_DIR; };
		14F28AB52330A05E000C18EB /* AppDelegate.swift */ = {isa = PBXFileReference; lastKnownFileType = sourcecode.swift; path = AppDelegate.swift; sourceTree = "<group>"; };
		14F28AB72330A05E000C18EB /* ViewController.swift */ = {isa = PBXFileReference; lastKnownFileType = sourcecode.swift; path = ViewController.swift; sourceTree = "<group>"; };
		14F28ABA2330A05E000C18EB /* Base */ = {isa = PBXFileReference; lastKnownFileType = file.storyboard; name = Base; path = Base.lproj/Main.storyboard; sourceTree = "<group>"; };
		14F28ABC2330A05F000C18EB /* Assets.xcassets */ = {isa = PBXFileReference; lastKnownFileType = folder.assetcatalog; path = Assets.xcassets; sourceTree = "<group>"; };
		14F28ABF2330A05F000C18EB /* Base */ = {isa = PBXFileReference; lastKnownFileType = file.storyboard; name = Base; path = Base.lproj/LaunchScreen.storyboard; sourceTree = "<group>"; };
		14F28AC12330A05F000C18EB /* Info.plist */ = {isa = PBXFileReference; lastKnownFileType = text.plist.xml; path = Info.plist; sourceTree = "<group>"; };
		14F28AC62330A05F000C18EB /* lab2Tests.xctest */ = {isa = PBXFileReference; explicitFileType = wrapper.cfbundle; includeInIndex = 0; path = lab2Tests.xctest; sourceTree = BUILT_PRODUCTS_DIR; };
		14F28ACA2330A05F000C18EB /* lab2Tests.swift */ = {isa = PBXFileReference; lastKnownFileType = sourcecode.swift; path = lab2Tests.swift; sourceTree = "<group>"; };
		14F28ACC2330A05F000C18EB /* Info.plist */ = {isa = PBXFileReference; lastKnownFileType = text.plist.xml; path = Info.plist; sourceTree = "<group>"; };
		14F28AD12330A05F000C18EB /* lab2UITests.xctest */ = {isa = PBXFileReference; explicitFileType = wrapper.cfbundle; includeInIndex = 0; path = lab2UITests.xctest; sourceTree = BUILT_PRODUCTS_DIR; };
		14F28AD52330A05F000C18EB /* lab2UITests.swift */ = {isa = PBXFileReference; lastKnownFileType = sourcecode.swift; path = lab2UITests.swift; sourceTree = "<group>"; };
		14F28AD72330A05F000C18EB /* Info.plist */ = {isa = PBXFileReference; lastKnownFileType = text.plist.xml; path = Info.plist; sourceTree = "<group>"; };
		14F28AF72330A322000C18EB /* DisplayView.swift */ = {isa = PBXFileReference; lastKnownFileType = sourcecode.swift; path = DisplayView.swift; sourceTree = "<group>"; };
/* End PBXFileReference section */

/* Begin PBXFrameworksBuildPhase section */
		14F28AAF2330A05E000C18EB /* Frameworks */ = {
			isa = PBXFrameworksBuildPhase;
			buildActionMask = 2147483647;
			files = (
			);
			runOnlyForDeploymentPostprocessing = 0;
		};
		14F28AC32330A05F000C18EB /* Frameworks */ = {
			isa = PBXFrameworksBuildPhase;
			buildActionMask = 2147483647;
			files = (
			);
			runOnlyForDeploymentPostprocessing = 0;
		};
		14F28ACE2330A05F000C18EB /* Frameworks */ = {
			isa = PBXFrameworksBuildPhase;
			buildActionMask = 2147483647;
			files = (
			);
			runOnlyForDeploymentPostprocessing = 0;
		};
/* End PBXFrameworksBuildPhase section */

/* Begin PBXGroup section */
		14F28AA92330A05E000C18EB = {
			isa = PBXGroup;
			children = (
				14F28AB42330A05E000C18EB /* lab2 */,
				14F28AC92330A05F000C18EB /* lab2Tests */,
				14F28AD42330A05F000C18EB /* lab2UITests */,
				14F28AB32330A05E000C18EB /* Products */,
			);
			sourceTree = "<group>";
		};
		14F28AB32330A05E000C18EB /* Products */ = {
			isa = PBXGroup;
			children = (
				14F28AB22330A05E000C18EB /* lab2.app */,
				14F28AC62330A05F000C18EB /* lab2Tests.xctest */,
				14F28AD12330A05F000C18EB /* lab2UITests.xctest */,
			);
			name = Products;
			sourceTree = "<group>";
		};
		14F28AB42330A05E000C18EB /* lab2 */ = {
			isa = PBXGroup;
			children = (
				14F28AF72330A322000C18EB /* DisplayView.swift */,
				14F28AB52330A05E000C18EB /* AppDelegate.swift */,
				14F28AB72330A05E000C18EB /* ViewController.swift */,
				14F28AB92330A05E000C18EB /* Main.storyboard */,
				14F28ABC2330A05F000C18EB /* Assets.xcassets */,
				14F28ABE2330A05F000C18EB /* LaunchScreen.storyboard */,
				14F28AC12330A05F000C18EB /* Info.plist */,
			);
			path = lab2;
			sourceTree = "<group>";
		};
		14F28AC92330A05F000C18EB /* lab2Tests */ = {
			isa = PBXGroup;
			children = (
				14F28ACA2330A05F000C18EB /* lab2Tests.swift */,
				14F28ACC2330A05F000C18EB /* Info.plist */,
			);
			path = lab2Tests;
			sourceTree = "<group>";
		};
		14F28AD42330A05F000C18EB /* lab2UITests */ = {
			isa = PBXGroup;
			children = (
				14F28AD52330A05F000C18EB /* lab2UITests.swift */,
				14F28AD72330A05F000C18EB /* Info.plist */,
			);
			path = lab2UITests;
			sourceTree = "<group>";
		};
/* End PBXGroup section */

/* Begin PBXNativeTarget section */
		14F28AB12330A05E000C18EB /* lab2 */ = {
			isa = PBXNativeTarget;
			buildConfigurationList = 14F28ADA2330A05F000C18EB /* Build configuration list for PBXNativeTarget "lab2" */;
			buildPhases = (
				14F28AAE2330A05E000C18EB /* Sources */,
				14F28AAF2330A05E000C18EB /* Frameworks */,
				14F28AB02330A05E000C18EB /* Resources */,
			);
			buildRules = (
			);
			dependencies = (
			);
			name = lab2;
			productName = lab2;
			productReference = 14F28AB22330A05E000C18EB /* lab2.app */;
			productType = "com.apple.product-type.application";
		};
		14F28AC52330A05F000C18EB /* lab2Tests */ = {
			isa = PBXNativeTarget;
			buildConfigurationList = 14F28ADD2330A05F000C18EB /* Build configuration list for PBXNativeTarget "lab2Tests" */;
			buildPhases = (
				14F28AC22330A05F000C18EB /* Sources */,
				14F28AC32330A05F000C18EB /* Frameworks */,
				14F28AC42330A05F000C18EB /* Resources */,
			);
			buildRules = (
			);
			dependencies = (
				14F28AC82330A05F000C18EB /* PBXTargetDependency */,
			);
			name = lab2Tests;
			productName = lab2Tests;
			productReference = 14F28AC62330A05F000C18EB /* lab2Tests.xctest */;
			productType = "com.apple.product-type.bundle.unit-test";
		};
		14F28AD02330A05F000C18EB /* lab2UITests */ = {
			isa = PBXNativeTarget;
			buildConfigurationList = 14F28AE02330A05F000C18EB /* Build configuration list for PBXNativeTarget "lab2UITests" */;
			buildPhases = (
				14F28ACD2330A05F000C18EB /* Sources */,
				14F28ACE2330A05F000C18EB /* Frameworks */,
				14F28ACF2330A05F000C18EB /* Resources */,
			);
			buildRules = (
			);
			dependencies = (
				14F28AD32330A05F000C18EB /* PBXTargetDependency */,
			);
			name = lab2UITests;
			productName = lab2UITests;
			productReference = 14F28AD12330A05F000C18EB /* lab2UITests.xctest */;
			productType = "com.apple.product-type.bundle.ui-testing";
		};
/* End PBXNativeTarget section */

/* Begin PBXProject section */
		14F28AAA2330A05E000C18EB /* Project object */ = {
			isa = PBXProject;
			attributes = {
				LastSwiftUpdateCheck = 1020;
				LastUpgradeCheck = 1020;
				ORGANIZATIONNAME = "Nikash Taskar";
				TargetAttributes = {
					14F28AB12330A05E000C18EB = {
						CreatedOnToolsVersion = 10.2.1;
					};
					14F28AC52330A05F000C18EB = {
						CreatedOnToolsVersion = 10.2.1;
						TestTargetID = 14F28AB12330A05E000C18EB;
					};
					14F28AD02330A05F000C18EB = {
						CreatedOnToolsVersion = 10.2.1;
						TestTargetID = 14F28AB12330A05E000C18EB;
					};
				};
			};
			buildConfigurationList = 14F28AAD2330A05E000C18EB /* Build configuration list for PBXProject "lab2" */;
			compatibilityVersion = "Xcode 9.3";
			developmentRegion = en;
			hasScannedForEncodings = 0;
			knownRegions = (
				en,
				Base,
			);
			mainGroup = 14F28AA92330A05E000C18EB;
			productRefGroup = 14F28AB32330A05E000C18EB /* Products */;
			projectDirPath = "";
			projectRoot = "";
			targets = (
				14F28AB12330A05E000C18EB /* lab2 */,
				14F28AC52330A05F000C18EB /* lab2Tests */,
				14F28AD02330A05F000C18EB /* lab2UITests */,
			);
		};
/* End PBXProject section */

/* Begin PBXResourcesBuildPhase section */
		14F28AB02330A05E000C18EB /* Resources */ = {
			isa = PBXResourcesBuildPhase;
			buildActionMask = 2147483647;
			files = (
				14F28AC02330A05F000C18EB /* LaunchScreen.storyboard in Resources */,
				14F28ABD2330A05F000C18EB /* Assets.xcassets in Resources */,
				14F28ABB2330A05E000C18EB /* Main.storyboard in Resources */,
			);
			runOnlyForDeploymentPostprocessing = 0;
		};
		14F28AC42330A05F000C18EB /* Resources */ = {
			isa = PBXResourcesBuildPhase;
			buildActionMask = 2147483647;
			files = (
			);
			runOnlyForDeploymentPostprocessing = 0;
		};
		14F28ACF2330A05F000C18EB /* Resources */ = {
			isa = PBXResourcesBuildPhase;
			buildActionMask = 2147483647;
			files = (
			);
			runOnlyForDeploymentPostprocessing = 0;
		};
/* End PBXResourcesBuildPhase section */

/* Begin PBXSourcesBuildPhase section */
		14F28AAE2330A05E000C18EB /* Sources */ = {
			isa = PBXSourcesBuildPhase;
			buildActionMask = 2147483647;
			files = (
				14F28AF82330A322000C18EB /* DisplayView.swift in Sources */,
				14F28AB82330A05E000C18EB /* ViewController.swift in Sources */,
				14F28AB62330A05E000C18EB /* AppDelegate.swift in Sources */,
			);
			runOnlyForDeploymentPostprocessing = 0;
		};
		14F28AC22330A05F000C18EB /* Sources */ = {
			isa = PBXSourcesBuildPhase;
			buildActionMask = 2147483647;
			files = (
				14F28ACB2330A05F000C18EB /* lab2Tests.swift in Sources */,
			);
			runOnlyForDeploymentPostprocessing = 0;
		};
		14F28ACD2330A05F000C18EB /* Sources */ = {
			isa = PBXSourcesBuildPhase;
			buildActionMask = 2147483647;
			files = (
				14F28AD62330A05F000C18EB /* lab2UITests.swift in Sources */,
			);
			runOnlyForDeploymentPostprocessing = 0;
		};
/* End PBXSourcesBuildPhase section */

/* Begin PBXTargetDependency section */
		14F28AC82330A05F000C18EB /* PBXTargetDependency */ = {
			isa = PBXTargetDependency;
			target = 14F28AB12330A05E000C18EB /* lab2 */;
			targetProxy = 14F28AC72330A05F000C18EB /* PBXContainerItemProxy */;
		};
		14F28AD32330A05F000C18EB /* PBXTargetDependency */ = {
			isa = PBXTargetDependency;
			target = 14F28AB12330A05E000C18EB /* lab2 */;
			targetProxy = 14F28AD22330A05F000C18EB /* PBXContainerItemProxy */;
		};
/* End PBXTargetDependency section */

/* Begin PBXVariantGroup section */
		14F28AB92330A05E000C18EB /* Main.storyboard */ = {
			isa = PBXVariantGroup;
			children = (
				14F28ABA2330A05E000C18EB /* Base */,
			);
			name = Main.storyboard;
			sourceTree = "<group>";
		};
		14F28ABE2330A05F000C18EB /* LaunchScreen.storyboard */ = {
			isa = PBXVariantGroup;
			children = (
				14F28ABF2330A05F000C18EB /* Base */,
			);
			name = LaunchScreen.storyboard;
			sourceTree = "<group>";
		};
/* End PBXVariantGroup section */

/* Begin XCBuildConfiguration section */
		14F28AD82330A05F000C18EB /* Debug */ = {
			isa = XCBuildConfiguration;
			buildSettings = {
				ALWAYS_SEARCH_USER_PATHS = NO;
				CLANG_ANALYZER_NONNULL = YES;
				CLANG_ANALYZER_NUMBER_OBJECT_CONVERSION = YES_AGGRESSIVE;
				CLANG_CXX_LANGUAGE_STANDARD = "gnu++14";
				CLANG_CXX_LIBRARY = "libc++";
				CLANG_ENABLE_MODULES = YES;
				CLANG_ENABLE_OBJC_ARC = YES;
				CLANG_ENABLE_OBJC_WEAK = YES;
				CLANG_WARN_BLOCK_CAPTURE_AUTORELEASING = YES;
				CLANG_WARN_BOOL_CONVERSION = YES;
				CLANG_WARN_COMMA = YES;
				CLANG_WARN_CONSTANT_CONVERSION = YES;
				CLANG_WARN_DEPRECATED_OBJC_IMPLEMENTATIONS = YES;
				CLANG_WARN_DIRECT_OBJC_ISA_USAGE = YES_ERROR;
				CLANG_WARN_DOCUMENTATION_COMMENTS = YES;
				CLANG_WARN_EMPTY_BODY = YES;
				CLANG_WARN_ENUM_CONVERSION = YES;
				CLANG_WARN_INFINITE_RECURSION = YES;
				CLANG_WARN_INT_CONVERSION = YES;
				CLANG_WARN_NON_LITERAL_NULL_CONVERSION = YES;
				CLANG_WARN_OBJC_IMPLICIT_RETAIN_SELF = YES;
				CLANG_WARN_OBJC_LITERAL_CONVERSION = YES;
				CLANG_WARN_OBJC_ROOT_CLASS = YES_ERROR;
				CLANG_WARN_RANGE_LOOP_ANALYSIS = YES;
				CLANG_WARN_STRICT_PROTOTYPES = YES;
				CLANG_WARN_SUSPICIOUS_MOVE = YES;
				CLANG_WARN_UNGUARDED_AVAILABILITY = YES_AGGRESSIVE;
				CLANG_WARN_UNREACHABLE_CODE = YES;
				CLANG_WARN__DUPLICATE_METHOD_MATCH = YES;
				CODE_SIGN_IDENTITY = "iPhone Developer";
				COPY_PHASE_STRIP = NO;
				DEBUG_INFORMATION_FORMAT = dwarf;
				ENABLE_STRICT_OBJC_MSGSEND = YES;
				ENABLE_TESTABILITY = YES;
				GCC_C_LANGUAGE_STANDARD = gnu11;
				GCC_DYNAMIC_NO_PIC = NO;
				GCC_NO_COMMON_BLOCKS = YES;
				GCC_OPTIMIZATION_LEVEL = 0;
				GCC_PREPROCESSOR_DEFINITIONS = (
					"DEBUG=1",
					"$(inherited)",
				);
				GCC_WARN_64_TO_32_BIT_CONVERSION = YES;
				GCC_WARN_ABOUT_RETURN_TYPE = YES_ERROR;
				GCC_WARN_UNDECLARED_SELECTOR = YES;
				GCC_WARN_UNINITIALIZED_AUTOS = YES_AGGRESSIVE;
				GCC_WARN_UNUSED_FUNCTION = YES;
				GCC_WARN_UNUSED_VARIABLE = YES;
				IPHONEOS_DEPLOYMENT_TARGET = 12.2;
				MTL_ENABLE_DEBUG_INFO = INCLUDE_SOURCE;
				MTL_FAST_MATH = YES;
				ONLY_ACTIVE_ARCH = YES;
				SDKROOT = iphoneos;
				SWIFT_ACTIVE_COMPILATION_CONDITIONS = DEBUG;
				SWIFT_OPTIMIZATION_LEVEL = "-Onone";
			};
			name = Debug;
		};
		14F28AD92330A05F000C18EB /* Release */ = {
			isa = XCBuildConfiguration;
			buildSettings = {
				ALWAYS_SEARCH_USER_PATHS = NO;
				CLANG_ANALYZER_NONNULL = YES;
				CLANG_ANALYZER_NUMBER_OBJECT_CONVERSION = YES_AGGRESSIVE;
				CLANG_CXX_LANGUAGE_STANDARD = "gnu++14";
				CLANG_CXX_LIBRARY = "libc++";
				CLANG_ENABLE_MODULES = YES;
				CLANG_ENABLE_OBJC_ARC = YES;
				CLANG_ENABLE_OBJC_WEAK = YES;
				CLANG_WARN_BLOCK_CAPTURE_AUTORELEASING = YES;
				CLANG_WARN_BOOL_CONVERSION = YES;
				CLANG_WARN_COMMA = YES;
				CLANG_WARN_CONSTANT_CONVERSION = YES;
				CLANG_WARN_DEPRECATED_OBJC_IMPLEMENTATIONS = YES;
				CLANG_WARN_DIRECT_OBJC_ISA_USAGE = YES_ERROR;
				CLANG_WARN_DOCUMENTATION_COMMENTS = YES;
				CLANG_WARN_EMPTY_BODY = YES;
				CLANG_WARN_ENUM_CONVERSION = YES;
				CLANG_WARN_INFINITE_RECURSION = YES;
				CLANG_WARN_INT_CONVERSION = YES;
				CLANG_WARN_NON_LITERAL_NULL_CONVERSION = YES;
				CLANG_WARN_OBJC_IMPLICIT_RETAIN_SELF = YES;
				CLANG_WARN_OBJC_LITERAL_CONVERSION = YES;
				CLANG_WARN_OBJC_ROOT_CLASS = YES_ERROR;
				CLANG_WARN_RANGE_LOOP_ANALYSIS = YES;
				CLANG_WARN_STRICT_PROTOTYPES = YES;
				CLANG_WARN_SUSPICIOUS_MOVE = YES;
				CLANG_WARN_UNGUARDED_AVAILABILITY = YES_AGGRESSIVE;
				CLANG_WARN_UNREACHABLE_CODE = YES;
				CLANG_WARN__DUPLICATE_METHOD_MATCH = YES;
				CODE_SIGN_IDENTITY = "iPhone Developer";
				COPY_PHASE_STRIP = NO;
				DEBUG_INFORMATION_FORMAT = "dwarf-with-dsym";
				ENABLE_NS_ASSERTIONS = NO;
				ENABLE_STRICT_OBJC_MSGSEND = YES;
				GCC_C_LANGUAGE_STANDARD = gnu11;
				GCC_NO_COMMON_BLOCKS = YES;
				GCC_WARN_64_TO_32_BIT_CONVERSION = YES;
				GCC_WARN_ABOUT_RETURN_TYPE = YES_ERROR;
				GCC_WARN_UNDECLARED_SELECTOR = YES;
				GCC_WARN_UNINITIALIZED_AUTOS = YES_AGGRESSIVE;
				GCC_WARN_UNUSED_FUNCTION = YES;
				GCC_WARN_UNUSED_VARIABLE = YES;
				IPHONEOS_DEPLOYMENT_TARGET = 12.2;
				MTL_ENABLE_DEBUG_INFO = NO;
				MTL_FAST_MATH = YES;
				SDKROOT = iphoneos;
				SWIFT_COMPILATION_MODE = wholemodule;
				SWIFT_OPTIMIZATION_LEVEL = "-O";
				VALIDATE_PRODUCT = YES;
			};
			name = Release;
		};
		14F28ADB2330A05F000C18EB /* Debug */ = {
			isa = XCBuildConfiguration;
			buildSettings = {
				ASSETCATALOG_COMPILER_APPICON_NAME = AppIcon;
				CODE_SIGN_STYLE = Automatic;
				INFOPLIST_FILE = lab2/Info.plist;
				LD_RUNPATH_SEARCH_PATHS = (
					"$(inherited)",
					"@executable_path/Frameworks",
				);
				PRODUCT_BUNDLE_IDENTIFIER = cse438.lab2;
				PRODUCT_NAME = "$(TARGET_NAME)";
				SWIFT_VERSION = 5.0;
				TARGETED_DEVICE_FAMILY = "1,2";
			};
			name = Debug;
		};
		14F28ADC2330A05F000C18EB /* Release */ = {
			isa = XCBuildConfiguration;
			buildSettings = {
				ASSETCATALOG_COMPILER_APPICON_NAME = AppIcon;
				CODE_SIGN_STYLE = Automatic;
				INFOPLIST_FILE = lab2/Info.plist;
				LD_RUNPATH_SEARCH_PATHS = (
					"$(inherited)",
					"@executable_path/Frameworks",
				);
				PRODUCT_BUNDLE_IDENTIFIER = cse438.lab2;
				PRODUCT_NAME = "$(TARGET_NAME)";
				SWIFT_VERSION = 5.0;
				TARGETED_DEVICE_FAMILY = "1,2";
			};
			name = Release;
		};
		14F28ADE2330A05F000C18EB /* Debug */ = {
			isa = XCBuildConfiguration;
			buildSettings = {
				ALWAYS_EMBED_SWIFT_STANDARD_LIBRARIES = YES;
				BUNDLE_LOADER = "$(TEST_HOST)";
				CODE_SIGN_STYLE = Automatic;
				INFOPLIST_FILE = lab2Tests/Info.plist;
				LD_RUNPATH_SEARCH_PATHS = (
					"$(inherited)",
					"@executable_path/Frameworks",
					"@loader_path/Frameworks",
				);
				PRODUCT_BUNDLE_IDENTIFIER = cse438.lab2Tests;
				PRODUCT_NAME = "$(TARGET_NAME)";
				SWIFT_VERSION = 5.0;
				TARGETED_DEVICE_FAMILY = "1,2";
				TEST_HOST = "$(BUILT_PRODUCTS_DIR)/lab2.app/lab2";
			};
			name = Debug;
		};
		14F28ADF2330A05F000C18EB /* Release */ = {
			isa = XCBuildConfiguration;
			buildSettings = {
				ALWAYS_EMBED_SWIFT_STANDARD_LIBRARIES = YES;
				BUNDLE_LOADER = "$(TEST_HOST)";
				CODE_SIGN_STYLE = Automatic;
				INFOPLIST_FILE = lab2Tests/Info.plist;
				LD_RUNPATH_SEARCH_PATHS = (
					"$(inherited)",
					"@executable_path/Frameworks",
					"@loader_path/Frameworks",
				);
				PRODUCT_BUNDLE_IDENTIFIER = cse438.lab2Tests;
				PRODUCT_NAME = "$(TARGET_NAME)";
				SWIFT_VERSION = 5.0;
				TARGETED_DEVICE_FAMILY = "1,2";
				TEST_HOST = "$(BUILT_PRODUCTS_DIR)/lab2.app/lab2";
			};
			name = Release;
		};
		14F28AE12330A05F000C18EB /* Debug */ = {
			isa = XCBuildConfiguration;
			buildSettings = {
				ALWAYS_EMBED_SWIFT_STANDARD_LIBRARIES = YES;
				CODE_SIGN_STYLE = Automatic;
				INFOPLIST_FILE = lab2UITests/Info.plist;
				LD_RUNPATH_SEARCH_PATHS = (
					"$(inherited)",
					"@executable_path/Frameworks",
					"@loader_path/Frameworks",
				);
				PRODUCT_BUNDLE_IDENTIFIER = cse438.lab2UITests;
				PRODUCT_NAME = "$(TARGET_NAME)";
				SWIFT_VERSION = 5.0;
				TARGETED_DEVICE_FAMILY = "1,2";
				TEST_TARGET_NAME = lab2;
			};
			name = Debug;
		};
		14F28AE22330A05F000C18EB /* Release */ = {
			isa = XCBuildConfiguration;
			buildSettings = {
				ALWAYS_EMBED_SWIFT_STANDARD_LIBRARIES = YES;
				CODE_SIGN_STYLE = Automatic;
				INFOPLIST_FILE = lab2UITests/Info.plist;
				LD_RUNPATH_SEARCH_PATHS = (
					"$(inherited)",
					"@executable_path/Frameworks",
					"@loader_path/Frameworks",
				);
				PRODUCT_BUNDLE_IDENTIFIER = cse438.lab2UITests;
				PRODUCT_NAME = "$(TARGET_NAME)";
				SWIFT_VERSION = 5.0;
				TARGETED_DEVICE_FAMILY = "1,2";
				TEST_TARGET_NAME = lab2;
			};
			name = Release;
		};
/* End XCBuildConfiguration section */

/* Begin XCConfigurationList section */
		14F28AAD2330A05E000C18EB /* Build configuration list for PBXProject "lab2" */ = {
			isa = XCConfigurationList;
			buildConfigurations = (
				14F28AD82330A05F000C18EB /* Debug */,
				14F28AD92330A05F000C18EB /* Release */,
			);
			defaultConfigurationIsVisible = 0;
			defaultConfigurationName = Release;
		};
		14F28ADA2330A05F000C18EB /* Build configuration list for PBXNativeTarget "lab2" */ = {
			isa = XCConfigurationList;
			buildConfigurations = (
				14F28ADB2330A05F000C18EB /* Debug */,
				14F28ADC2330A05F000C18EB /* Release */,
			);
			defaultConfigurationIsVisible = 0;
			defaultConfigurationName = Release;
		};
		14F28ADD2330A05F000C18EB /* Build configuration list for PBXNativeTarget "lab2Tests" */ = {
			isa = XCConfigurationList;
			buildConfigurations = (
				14F28ADE2330A05F000C18EB /* Debug */,
				14F28ADF2330A05F000C18EB /* Release */,
			);
			defaultConfigurationIsVisible = 0;
			defaultConfigurationName = Release;
		};
		14F28AE02330A05F000C18EB /* Build configuration list for PBXNativeTarget "lab2UITests" */ = {
			isa = XCConfigurationList;
			buildConfigurations = (
				14F28AE12330A05F000C18EB /* Debug */,
				14F28AE22330A05F000C18EB /* Release */,
			);
			defaultConfigurationIsVisible = 0;
			defaultConfigurationName = Release;
		};
/* End XCConfigurationList section */
	};
	rootObject = 14F28AAA2330A05E000C18EB /* Project object */;
}
